<?xml version="1.0" encoding="utf-8"?>
<Project ToolsVersion="4.0" xmlns="http://schemas.microsoft.com/developer/msbuild/2003">
  <ItemGroup>
    <Filter Include="Source Files">
      <UniqueIdentifier>{4FC737F1-C7A5-4376-A066-2A32D752A2FF}</UniqueIdentifier>
      <Extensions>cpp;c;cc;cxx;c++;cppm;ixx;def;odl;idl;hpj;bat;asm;asmx</Extensions>
    </Filter>
    <Filter Include="Header Files">
      <UniqueIdentifier>{93995380-89BD-4b04-88EB-625FBE52EBFB}</UniqueIdentifier>
      <Extensions>h;hh;hpp;hxx;h++;hm;inl;inc;ipp;xsd</Extensions>
    </Filter>
    <Filter Include="Resource Files">
      <UniqueIdentifier>{67DA6AB6-F800-4c08-8B7A-83BB121AAD01}</UniqueIdentifier>
      <Extensions>rc;ico;cur;bmp;dlg;rc2;rct;bin;rgs;gif;jpg;jpeg;jpe;resx;tiff;tif;png;wav;mfcribbon-ms</Extensions>
    </Filter>
    <Filter Include="Header Files\Sys">
      <UniqueIdentifier>{25b4632b-8b61-4279-8d45-dcaab56b785f}</UniqueIdentifier>
    </Filter>
    <Filter Include="Header Files\Utils">
      <UniqueIdentifier>{497f0a82-9b63-4a03-9625-58138d16a095}</UniqueIdentifier>
    </Filter>
    <Filter Include="Header Files\ASM">
      <UniqueIdentifier>{30f3cd51-0b51-46e1-9d5f-69f1ee16432b}</UniqueIdentifier>
    </Filter>
  </ItemGroup>
  <ItemGroup>
    <ClCompile Include="dllmain.cpp">
      <Filter>Source Files</Filter>
    </ClCompile>
  </ItemGroup>
  <ItemGroup>
    <ClInclude Include="Syscaller.h">
      <Filter>Header Files\Sys</Filter>
    </ClInclude>
    <ClInclude Include="Syskey.h">
      <Filter>Header Files\Sys</Filter>
    </ClInclude>
    <ClInclude Include="native.h">
      <Filter>Header Files\Utils</Filter>
    </ClInclude>
    <ClInclude Include="direct.h">
      <Filter>Header Files\Utils</Filter>
    </ClInclude>
  </ItemGroup>
  <ItemGroup>
    <MASM Include="direct.asm">
      <Filter>Header Files\ASM</Filter>
    </MASM>
    <MASM Include="syscaller.asm">
      <Filter>Header Files\ASM</Filter>
    </MASM>
  </ItemGroup>
</Project>